
Microsoft Visual Studio Solution File, Format Version 12.00
# Visual Studio Version 17
VisualStudioVersion = 17.9.34701.34
MinimumVisualStudioVersion = 10.0.40219.1
Project("{9A19103F-16F7-4668-BE54-9A1E7A4F7556}") = "PostBlog", "PostBlog\PostBlog.csproj", "{186B7FE6-3B33-4D72-9F66-FA9A0D446F5F}"
EndProject
Project("{9A19103F-16F7-4668-BE54-9A1E7A4F7556}") = "DataHelper", "DataHelper\DataHelper.csproj", "{6328ACB6-F637-497F-840B-E15968098C01}"
EndProject
Project("{FAE04EC0-301F-11D3-BF4B-00C04F79EFBC}") = "PostBlog.Core", "PostBlog.Core\PostBlog.Core.csproj", "{DD86DE86-C9CB-4712-8DF4-6772D3969CB7}"
EndProject
Project("{FAE04EC0-301F-11D3-BF4B-00C04F79EFBC}") = "PostBlog.Data", "PostBlog.Data\PostBlog.Data.csproj", "{326AA728-DEAD-4615-93CC-A2DFB2E5ADE6}"
EndProject
Project("{FAE04EC0-301F-11D3-BF4B-00C04F79EFBC}") = "PostBlog.Application", "PostBlog.Application\PostBlog.Application.csproj", "{7E31CA2C-D6BD-4674-AE42-9241B449C494}"
EndProject
Global
	GlobalSection(SolutionConfigurationPlatforms) = preSolution
		Debug|Any CPU = Debug|Any CPU
		Release|Any CPU = Release|Any CPU
	EndGlobalSection
	GlobalSection(ProjectConfigurationPlatforms) = postSolution
		{186B7FE6-3B33-4D72-9F66-FA9A0D446F5F}.Debug|Any CPU.ActiveCfg = Debug|Any CPU
		{186B7FE6-3B33-4D72-9F66-FA9A0D446F5F}.Debug|Any CPU.Build.0 = Debug|Any CPU
		{186B7FE6-3B33-4D72-9F66-FA9A0D446F5F}.Release|Any CPU.ActiveCfg = Release|Any CPU
		{186B7FE6-3B33-4D72-9F66-FA9A0D446F5F}.Release|Any CPU.Build.0 = Release|Any CPU
		{6328ACB6-F637-497F-840B-E15968098C01}.Debug|Any CPU.ActiveCfg = Debug|Any CPU
		{6328ACB6-F637-497F-840B-E15968098C01}.Debug|Any CPU.Build.0 = Debug|Any CPU
		{6328ACB6-F637-497F-840B-E15968098C01}.Release|Any CPU.ActiveCfg = Release|Any CPU
		{6328ACB6-F637-497F-840B-E15968098C01}.Release|Any CPU.Build.0 = Release|Any CPU
		{DD86DE86-C9CB-4712-8DF4-6772D3969CB7}.Debug|Any CPU.ActiveCfg = Debug|Any CPU
		{DD86DE86-C9CB-4712-8DF4-6772D3969CB7}.Debug|Any CPU.Build.0 = Debug|Any CPU
		{DD86DE86-C9CB-4712-8DF4-6772D3969CB7}.Release|Any CPU.ActiveCfg = Release|Any CPU
		{DD86DE86-C9CB-4712-8DF4-6772D3969CB7}.Release|Any CPU.Build.0 = Release|Any CPU
		{326AA728-DEAD-4615-93CC-A2DFB2E5ADE6}.Debug|Any CPU.ActiveCfg = Debug|Any CPU
		{326AA728-DEAD-4615-93CC-A2DFB2E5ADE6}.Debug|Any CPU.Build.0 = Debug|Any CPU
		{326AA728-DEAD-4615-93CC-A2DFB2E5ADE6}.Release|Any CPU.ActiveCfg = Release|Any CPU
		{326AA728-DEAD-4615-93CC-A2DFB2E5ADE6}.Release|Any CPU.Build.0 = Release|Any CPU
		{7E31CA2C-D6BD-4674-AE42-9241B449C494}.Debug|Any CPU.ActiveCfg = Debug|Any CPU
		{7E31CA2C-D6BD-4674-AE42-9241B449C494}.Debug|Any CPU.Build.0 = Debug|Any CPU
		{7E31CA2C-D6BD-4674-AE42-9241B449C494}.Release|Any CPU.ActiveCfg = Release|Any CPU
		{7E31CA2C-D6BD-4674-AE42-9241B449C494}.Release|Any CPU.Build.0 = Release|Any CPU
	EndGlobalSection
	GlobalSection(SolutionProperties) = preSolution
		HideSolutionNode = FALSE
	EndGlobalSection
	GlobalSection(ExtensibilityGlobals) = postSolution
		SolutionGuid = {5FCE418B-B2B0-4E34-ADB5-AEF7367915F0}
	EndGlobalSection
EndGlobal
